
Microsoft Visual Studio Solution File, Format Version 12.00
# Visual Studio Version 17
VisualStudioVersion = 17.3.32811.315
MinimumVisualStudioVersion = 10.0.40219.1
Project("{FAE04EC0-301F-11D3-BF4B-00C04F79EFBC}") = "SPChat", "SPChat.csproj", "{8BB6A341-9354-44F5-99BD-A5D872D7C542}"
EndProject
Global
	GlobalSection(SolutionConfigurationPlatforms) = preSolution
		Debug|Any CPU = Debug|Any CPU
		Release|Any CPU = Release|Any CPU
	EndGlobalSection
	GlobalSection(ProjectConfigurationPlatforms) = postSolution
		{8BB6A341-9354-44F5-99BD-A5D872D7C542}.Debug|Any CPU.ActiveCfg = Debug|Any CPU
		{8BB6A341-9354-44F5-99BD-A5D872D7C542}.Debug|Any CPU.Build.0 = Debug|Any CPU
		{8BB6A341-9354-44F5-99BD-A5D872D7C542}.Release|Any CPU.ActiveCfg = Release|Any CPU
		{8BB6A341-9354-44F5-99BD-A5D872D7C542}.Release|Any CPU.Build.0 = Release|Any CPU
	EndGlobalSection
	GlobalSection(SolutionProperties) = preSolution
		HideSolutionNode = FALSE
	EndGlobalSection
	GlobalSection(ExtensibilityGlobals) = postSolution
		SolutionGuid = {22B5A2AC-C860-48B8-AD67-CC924A12A2B0}
	EndGlobalSection
EndGlobal
